{
  "name": "@cubo-cms/framework",
  "version": "0.0.14",
  "lockfileVersion": 1,
  "requires": true,
  "dependencies": {
    "@cubo-cms/core": {
      "version": "0.0.4",
      "resolved": "https://npm.pkg.github.com/download/@cubo-cms/core/0.0.4/8d616cb7c0ba952c4a96195bc9a0236a1e658b4c6d0aed233994098d810a4adb",
      "integrity": "sha512-v4UI+pjlWs3jfBwoune5xKZxWb5TyKr23L5jUlQE+yHa4y8oD9cWSHPsmzLDs/N9rUzU9C7MA391NOHs69qw3g=="
    }
  }
}
