{
  "name": "@cubo-cms/framework",
  "version": "0.0.15",
  "lockfileVersion": 1,
  "requires": true,
  "dependencies": {
    "@cubo-cms/core": {
      "version": "0.0.6",
      "resolved": "https://npm.pkg.github.com/download/@cubo-cms/core/0.0.6/04ab33aeb7a6b0f4e1c27c28fa429689d532799bee71b3f93ebd4328d784c560",
      "integrity": "sha512-ibJJBFHucHPlh1HT3OejNKDgPfUwhYtxGRdFzEmT5FufLS0o2TaLBtqhNeoNGns1Vy/+rCkY/lkNCs9bzV70IQ=="
    }
  }
}
