{
  "name": "@cubo-cms/framework",
  "version": "0.0.19",
  "lockfileVersion": 1,
  "requires": true,
  "dependencies": {
    "@cubo-cms/core": {
      "version": "0.2.14",
      "resolved": "https://npm.pkg.github.com/download/@cubo-cms/core/0.2.14/4202c8c8f3eea479638534cade9e2fd67a6fe3fb725cd987067bd45c51ade29a",
      "integrity": "sha512-KfFhqYFPUydRoqQFL8JeiejmLOAFCWxIntJi1S8MTJO/qmsc2PqkVPMygnLmJcuhqlPRGhFETFv1maiNPpAVjg=="
    }
  }
}
